// !$*UTF8*$!
{
	archiveVersion = 1;
	classes = {
	};
	objectVersion = 55;
	objects = {

/* Begin PBXBuildFile section */
		4AF5FB0A28932DC100082AA2 /* AppDelegate.swift in Sources */ = {isa = PBXBuildFile; fileRef = 4AF5FB0928932DC100082AA2 /* AppDelegate.swift */; };
		4AF5FB0E28932DC100082AA2 /* GroceriesController.swift in Sources */ = {isa = PBXBuildFile; fileRef = 4AF5FB0D28932DC100082AA2 /* GroceriesController.swift */; };
		4AF5FB1328932DC200082AA2 /* Assets.xcassets in Resources */ = {isa = PBXBuildFile; fileRef = 4AF5FB1228932DC200082AA2 /* Assets.xcassets */; };
		4AF5FB1628932DC200082AA2 /* LaunchScreen.storyboard in Resources */ = {isa = PBXBuildFile; fileRef = 4AF5FB1428932DC200082AA2 /* LaunchScreen.storyboard */; };
		4AF5FB212893314600082AA2 /* LBTATools in Frameworks */ = {isa = PBXBuildFile; productRef = 4AF5FB202893314600082AA2 /* LBTATools */; };
		4AF5FB242893317100082AA2 /* Alamofire in Frameworks */ = {isa = PBXBuildFile; productRef = 4AF5FB232893317100082AA2 /* Alamofire */; };
		4AF5FB272893318500082AA2 /* Nuke in Frameworks */ = {isa = PBXBuildFile; productRef = 4AF5FB262893318500082AA2 /* Nuke */; };
		4AF5FB2A289333E800082AA2 /* UICollectionView+Extension.swift in Sources */ = {isa = PBXBuildFile; fileRef = 4AF5FB29289333E800082AA2 /* UICollectionView+Extension.swift */; };
		4AF5FB2E28933B6500082AA2 /* Label.swift in Sources */ = {isa = PBXBuildFile; fileRef = 4AF5FB2D28933B6500082AA2 /* Label.swift */; };
		4AF5FB3028933B7A00082AA2 /* DownloadableImageView.swift in Sources */ = {isa = PBXBuildFile; fileRef = 4AF5FB2F28933B7A00082AA2 /* DownloadableImageView.swift */; };
		4AF5FB3228933C2000082AA2 /* StepperView.swift in Sources */ = {isa = PBXBuildFile; fileRef = 4AF5FB3128933C2000082AA2 /* StepperView.swift */; };
		4AF5FB3428933C4700082AA2 /* RectangleButton.swift in Sources */ = {isa = PBXBuildFile; fileRef = 4AF5FB3328933C4700082AA2 /* RectangleButton.swift */; };
		4AF5FB3928933F2900082AA2 /* MyCartController.swift in Sources */ = {isa = PBXBuildFile; fileRef = 4AF5FB3828933F2900082AA2 /* MyCartController.swift */; };
		4AF5FB3D28933F4000082AA2 /* GroceriesViewModel.swift in Sources */ = {isa = PBXBuildFile; fileRef = 4AF5FB3C28933F4000082AA2 /* GroceriesViewModel.swift */; };
		4AF5FB4228933FBC00082AA2 /* APIService.swift in Sources */ = {isa = PBXBuildFile; fileRef = 4AF5FB4128933FBC00082AA2 /* APIService.swift */; };
		4AF5FB4728933FF600082AA2 /* GroceryCell.swift in Sources */ = {isa = PBXBuildFile; fileRef = 4AF5FB4628933FF600082AA2 /* GroceryCell.swift */; };
		4AF5FB492893400D00082AA2 /* MyCartCell.swift in Sources */ = {isa = PBXBuildFile; fileRef = 4AF5FB482893400D00082AA2 /* MyCartCell.swift */; };
		4AF5FB4B2893403000082AA2 /* BottomBarView.swift in Sources */ = {isa = PBXBuildFile; fileRef = 4AF5FB4A2893403000082AA2 /* BottomBarView.swift */; };
		4AF5FB4D2893405900082AA2 /* ActivityIndicatorView.swift in Sources */ = {isa = PBXBuildFile; fileRef = 4AF5FB4C2893405900082AA2 /* ActivityIndicatorView.swift */; };
		4AF5FB512893409300082AA2 /* Font.swift in Sources */ = {isa = PBXBuildFile; fileRef = 4AF5FB502893409300082AA2 /* Font.swift */; };
		4AF5FB532893409900082AA2 /* Color.swift in Sources */ = {isa = PBXBuildFile; fileRef = 4AF5FB522893409900082AA2 /* Color.swift */; };
		4AF5FB55289340A400082AA2 /* Icon.swift in Sources */ = {isa = PBXBuildFile; fileRef = 4AF5FB54289340A400082AA2 /* Icon.swift */; };
		4AF5FB57289340EB00082AA2 /* Colors.xcassets in Resources */ = {isa = PBXBuildFile; fileRef = 4AF5FB56289340EB00082AA2 /* Colors.xcassets */; };
		4AF5FB592893448800082AA2 /* UIView+Extension.swift in Sources */ = {isa = PBXBuildFile; fileRef = 4AF5FB582893448800082AA2 /* UIView+Extension.swift */; };
		4AF5FB5C2893452D00082AA2 /* AttributedStringUtility.swift in Sources */ = {isa = PBXBuildFile; fileRef = 4AF5FB5B2893452D00082AA2 /* AttributedStringUtility.swift */; };
		4AF5FB5E289348B100082AA2 /* Endpoint.swift in Sources */ = {isa = PBXBuildFile; fileRef = 4AF5FB5D289348B100082AA2 /* Endpoint.swift */; };
		4AF5FB602893491200082AA2 /* Endpoint+Path.swift in Sources */ = {isa = PBXBuildFile; fileRef = 4AF5FB5F2893491200082AA2 /* Endpoint+Path.swift */; };
		4AF5FB622893496E00082AA2 /* Endpoint+Method.swift in Sources */ = {isa = PBXBuildFile; fileRef = 4AF5FB612893496E00082AA2 /* Endpoint+Method.swift */; };
		4AF5FB642893497700082AA2 /* Endpoint+Headers.swift in Sources */ = {isa = PBXBuildFile; fileRef = 4AF5FB632893497700082AA2 /* Endpoint+Headers.swift */; };
		4AF5FB662893498300082AA2 /* Endpoint+Parameters.swift in Sources */ = {isa = PBXBuildFile; fileRef = 4AF5FB652893498300082AA2 /* Endpoint+Parameters.swift */; };
		4AF5FB6928934A6800082AA2 /* ErrorModel.swift in Sources */ = {isa = PBXBuildFile; fileRef = 4AF5FB6828934A6800082AA2 /* ErrorModel.swift */; };
		4AF5FB6B28934B2100082AA2 /* GroceryModel.swift in Sources */ = {isa = PBXBuildFile; fileRef = 4AF5FB6A28934B2100082AA2 /* GroceryModel.swift */; };
		4AF5FB6D28934B3600082AA2 /* ProductModel.swift in Sources */ = {isa = PBXBuildFile; fileRef = 4AF5FB6C28934B3600082AA2 /* ProductModel.swift */; };
		4AF5FB6F289350F900082AA2 /* Collection+Extension.swift in Sources */ = {isa = PBXBuildFile; fileRef = 4AF5FB6E289350F900082AA2 /* Collection+Extension.swift */; };
		4AF5FB712893C4AA00082AA2 /* CheckoutResponseModel.swift in Sources */ = {isa = PBXBuildFile; fileRef = 4AF5FB702893C4AA00082AA2 /* CheckoutResponseModel.swift */; };
		4AF5FB732893CFB500082AA2 /* GroceryUIModel.swift in Sources */ = {isa = PBXBuildFile; fileRef = 4AF5FB722893CFB500082AA2 /* GroceryUIModel.swift */; };
		4AF5FB752893D1CF00082AA2 /* UITableView+Extension.swift in Sources */ = {isa = PBXBuildFile; fileRef = 4AF5FB742893D1CF00082AA2 /* UITableView+Extension.swift */; };
		4AF5FB772893D57600082AA2 /* UIEdgeInsets+Extension.swift in Sources */ = {isa = PBXBuildFile; fileRef = 4AF5FB762893D57600082AA2 /* UIEdgeInsets+Extension.swift */; };
		4AF5FB792893DC1E00082AA2 /* Encodable+Extension.swift in Sources */ = {isa = PBXBuildFile; fileRef = 4AF5FB782893DC1E00082AA2 /* Encodable+Extension.swift */; };
		4AF5FB7B2893DCE900082AA2 /* Endpoint+Encoding.swift in Sources */ = {isa = PBXBuildFile; fileRef = 4AF5FB7A2893DCE900082AA2 /* Endpoint+Encoding.swift */; };
		4AF5FB7D2893DD5700082AA2 /* ProductsModel.swift in Sources */ = {isa = PBXBuildFile; fileRef = 4AF5FB7C2893DD5700082AA2 /* ProductsModel.swift */; };
		4AF5FB7F2893FD7400082AA2 /* BarButtonItemWithBadge.swift in Sources */ = {isa = PBXBuildFile; fileRef = 4AF5FB7E2893FD7400082AA2 /* BarButtonItemWithBadge.swift */; };
/* End PBXBuildFile section */

/* Begin PBXFileReference section */
		4AF5FB0628932DC100082AA2 /* AppLogistAssignmentApp.app */ = {isa = PBXFileReference; explicitFileType = wrapper.application; includeInIndex = 0; path = AppLogistAssignmentApp.app; sourceTree = BUILT_PRODUCTS_DIR; };
		4AF5FB0928932DC100082AA2 /* AppDelegate.swift */ = {isa = PBXFileReference; lastKnownFileType = sourcecode.swift; path = AppDelegate.swift; sourceTree = "<group>"; };
		4AF5FB0D28932DC100082AA2 /* GroceriesController.swift */ = {isa = PBXFileReference; lastKnownFileType = sourcecode.swift; path = GroceriesController.swift; sourceTree = "<group>"; };
		4AF5FB1228932DC200082AA2 /* Assets.xcassets */ = {isa = PBXFileReference; lastKnownFileType = folder.assetcatalog; path = Assets.xcassets; sourceTree = "<group>"; };
		4AF5FB1528932DC200082AA2 /* Base */ = {isa = PBXFileReference; lastKnownFileType = file.storyboard; name = Base; path = Base.lproj/LaunchScreen.storyboard; sourceTree = "<group>"; };
		4AF5FB1728932DC200082AA2 /* Info.plist */ = {isa = PBXFileReference; lastKnownFileType = text.plist.xml; path = Info.plist; sourceTree = "<group>"; };
		4AF5FB29289333E800082AA2 /* UICollectionView+Extension.swift */ = {isa = PBXFileReference; lastKnownFileType = sourcecode.swift; path = "UICollectionView+Extension.swift"; sourceTree = "<group>"; };
		4AF5FB2D28933B6500082AA2 /* Label.swift */ = {isa = PBXFileReference; lastKnownFileType = sourcecode.swift; path = Label.swift; sourceTree = "<group>"; };
		4AF5FB2F28933B7A00082AA2 /* DownloadableImageView.swift */ = {isa = PBXFileReference; lastKnownFileType = sourcecode.swift; path = DownloadableImageView.swift; sourceTree = "<group>"; };
		4AF5FB3128933C2000082AA2 /* StepperView.swift */ = {isa = PBXFileReference; lastKnownFileType = sourcecode.swift; path = StepperView.swift; sourceTree = "<group>"; };
		4AF5FB3328933C4700082AA2 /* RectangleButton.swift */ = {isa = PBXFileReference; lastKnownFileType = sourcecode.swift; path = RectangleButton.swift; sourceTree = "<group>"; };
		4AF5FB3828933F2900082AA2 /* MyCartController.swift */ = {isa = PBXFileReference; lastKnownFileType = sourcecode.swift; path = MyCartController.swift; sourceTree = "<group>"; };
		4AF5FB3C28933F4000082AA2 /* GroceriesViewModel.swift */ = {isa = PBXFileReference; lastKnownFileType = sourcecode.swift; path = GroceriesViewModel.swift; sourceTree = "<group>"; };
		4AF5FB4128933FBC00082AA2 /* APIService.swift */ = {isa = PBXFileReference; lastKnownFileType = sourcecode.swift; path = APIService.swift; sourceTree = "<group>"; };
		4AF5FB4628933FF600082AA2 /* GroceryCell.swift */ = {isa = PBXFileReference; lastKnownFileType = sourcecode.swift; path = GroceryCell.swift; sourceTree = "<group>"; };
		4AF5FB482893400D00082AA2 /* MyCartCell.swift */ = {isa = PBXFileReference; lastKnownFileType = sourcecode.swift; path = MyCartCell.swift; sourceTree = "<group>"; };
		4AF5FB4A2893403000082AA2 /* BottomBarView.swift */ = {isa = PBXFileReference; lastKnownFileType = sourcecode.swift; path = BottomBarView.swift; sourceTree = "<group>"; };
		4AF5FB4C2893405900082AA2 /* ActivityIndicatorView.swift */ = {isa = PBXFileReference; lastKnownFileType = sourcecode.swift; path = ActivityIndicatorView.swift; sourceTree = "<group>"; };
		4AF5FB502893409300082AA2 /* Font.swift */ = {isa = PBXFileReference; lastKnownFileType = sourcecode.swift; path = Font.swift; sourceTree = "<group>"; };
		4AF5FB522893409900082AA2 /* Color.swift */ = {isa = PBXFileReference; lastKnownFileType = sourcecode.swift; path = Color.swift; sourceTree = "<group>"; };
		4AF5FB54289340A400082AA2 /* Icon.swift */ = {isa = PBXFileReference; lastKnownFileType = sourcecode.swift; path = Icon.swift; sourceTree = "<group>"; };
		4AF5FB56289340EB00082AA2 /* Colors.xcassets */ = {isa = PBXFileReference; lastKnownFileType = folder.assetcatalog; path = Colors.xcassets; sourceTree = "<group>"; };
		4AF5FB582893448800082AA2 /* UIView+Extension.swift */ = {isa = PBXFileReference; lastKnownFileType = sourcecode.swift; path = "UIView+Extension.swift"; sourceTree = "<group>"; };
		4AF5FB5B2893452D00082AA2 /* AttributedStringUtility.swift */ = {isa = PBXFileReference; lastKnownFileType = sourcecode.swift; path = AttributedStringUtility.swift; sourceTree = "<group>"; };
		4AF5FB5D289348B100082AA2 /* Endpoint.swift */ = {isa = PBXFileReference; lastKnownFileType = sourcecode.swift; path = Endpoint.swift; sourceTree = "<group>"; };
		4AF5FB5F2893491200082AA2 /* Endpoint+Path.swift */ = {isa = PBXFileReference; lastKnownFileType = sourcecode.swift; path = "Endpoint+Path.swift"; sourceTree = "<group>"; };
		4AF5FB612893496E00082AA2 /* Endpoint+Method.swift */ = {isa = PBXFileReference; lastKnownFileType = sourcecode.swift; path = "Endpoint+Method.swift"; sourceTree = "<group>"; };
		4AF5FB632893497700082AA2 /* Endpoint+Headers.swift */ = {isa = PBXFileReference; lastKnownFileType = sourcecode.swift; path = "Endpoint+Headers.swift"; sourceTree = "<group>"; };
		4AF5FB652893498300082AA2 /* Endpoint+Parameters.swift */ = {isa = PBXFileReference; lastKnownFileType = sourcecode.swift; path = "Endpoint+Parameters.swift"; sourceTree = "<group>"; };
		4AF5FB6828934A6800082AA2 /* ErrorModel.swift */ = {isa = PBXFileReference; lastKnownFileType = sourcecode.swift; path = ErrorModel.swift; sourceTree = "<group>"; };
		4AF5FB6A28934B2100082AA2 /* GroceryModel.swift */ = {isa = PBXFileReference; lastKnownFileType = sourcecode.swift; path = GroceryModel.swift; sourceTree = "<group>"; };
		4AF5FB6C28934B3600082AA2 /* ProductModel.swift */ = {isa = PBXFileReference; lastKnownFileType = sourcecode.swift; path = ProductModel.swift; sourceTree = "<group>"; };
		4AF5FB6E289350F900082AA2 /* Collection+Extension.swift */ = {isa = PBXFileReference; lastKnownFileType = sourcecode.swift; path = "Collection+Extension.swift"; sourceTree = "<group>"; };
		4AF5FB702893C4AA00082AA2 /* CheckoutResponseModel.swift */ = {isa = PBXFileReference; lastKnownFileType = sourcecode.swift; path = CheckoutResponseModel.swift; sourceTree = "<group>"; };
		4AF5FB722893CFB500082AA2 /* GroceryUIModel.swift */ = {isa = PBXFileReference; lastKnownFileType = sourcecode.swift; path = GroceryUIModel.swift; sourceTree = "<group>"; };
		4AF5FB742893D1CF00082AA2 /* UITableView+Extension.swift */ = {isa = PBXFileReference; lastKnownFileType = sourcecode.swift; path = "UITableView+Extension.swift"; sourceTree = "<group>"; };
		4AF5FB762893D57600082AA2 /* UIEdgeInsets+Extension.swift */ = {isa = PBXFileReference; lastKnownFileType = sourcecode.swift; path = "UIEdgeInsets+Extension.swift"; sourceTree = "<group>"; };
		4AF5FB782893DC1E00082AA2 /* Encodable+Extension.swift */ = {isa = PBXFileReference; lastKnownFileType = sourcecode.swift; path = "Encodable+Extension.swift"; sourceTree = "<group>"; };
		4AF5FB7A2893DCE900082AA2 /* Endpoint+Encoding.swift */ = {isa = PBXFileReference; lastKnownFileType = sourcecode.swift; path = "Endpoint+Encoding.swift"; sourceTree = "<group>"; };
		4AF5FB7C2893DD5700082AA2 /* ProductsModel.swift */ = {isa = PBXFileReference; lastKnownFileType = sourcecode.swift; path = ProductsModel.swift; sourceTree = "<group>"; };
		4AF5FB7E2893FD7400082AA2 /* BarButtonItemWithBadge.swift */ = {isa = PBXFileReference; lastKnownFileType = sourcecode.swift; path = BarButtonItemWithBadge.swift; sourceTree = "<group>"; };
/* End PBXFileReference section */

/* Begin PBXFrameworksBuildPhase section */
		4AF5FB0328932DC100082AA2 /* Frameworks */ = {
			isa = PBXFrameworksBuildPhase;
			buildActionMask = 2147483647;
			files = (
				4AF5FB272893318500082AA2 /* Nuke in Frameworks */,
				4AF5FB212893314600082AA2 /* LBTATools in Frameworks */,
				4AF5FB242893317100082AA2 /* Alamofire in Frameworks */,
			);
			runOnlyForDeploymentPostprocessing = 0;
		};
/* End PBXFrameworksBuildPhase section */

/* Begin PBXGroup section */
		4AF5FAFD28932DC100082AA2 = {
			isa = PBXGroup;
			children = (
				4AF5FB0828932DC100082AA2 /* AppLogistAssignmentApp */,
				4AF5FB0728932DC100082AA2 /* Products */,
			);
			sourceTree = "<group>";
		};
		4AF5FB0728932DC100082AA2 /* Products */ = {
			isa = PBXGroup;
			children = (
				4AF5FB0628932DC100082AA2 /* AppLogistAssignmentApp.app */,
			);
			name = Products;
			sourceTree = "<group>";
		};
		4AF5FB0828932DC100082AA2 /* AppLogistAssignmentApp */ = {
			isa = PBXGroup;
			children = (
				4AF5FB0928932DC100082AA2 /* AppDelegate.swift */,
				4AF5FB2B28933B4E00082AA2 /* Shared */,
				4AF5FB4028933FA100082AA2 /* Network */,
				4AF5FB3528933EFD00082AA2 /* Modules */,
				4AF5FB1228932DC200082AA2 /* Assets.xcassets */,
				4AF5FB56289340EB00082AA2 /* Colors.xcassets */,
				4AF5FB1428932DC200082AA2 /* LaunchScreen.storyboard */,
				4AF5FB1728932DC200082AA2 /* Info.plist */,
			);
			path = AppLogistAssignmentApp;
			sourceTree = "<group>";
		};
		4AF5FB2B28933B4E00082AA2 /* Shared */ = {
			isa = PBXGroup;
			children = (
				4AF5FB3F28933F9000082AA2 /* Shared */,
				4AF5FB2C28933B5900082AA2 /* Components */,
				4AF5FB5A2893452300082AA2 /* Utilities */,
				4AF5FB3E28933F5400082AA2 /* Extensions */,
			);
			path = Shared;
			sourceTree = "<group>";
		};
		4AF5FB2C28933B5900082AA2 /* Components */ = {
			isa = PBXGroup;
			children = (
				4AF5FB2D28933B6500082AA2 /* Label.swift */,
				4AF5FB2F28933B7A00082AA2 /* DownloadableImageView.swift */,
				4AF5FB4C2893405900082AA2 /* ActivityIndicatorView.swift */,
				4AF5FB3128933C2000082AA2 /* StepperView.swift */,
				4AF5FB3328933C4700082AA2 /* RectangleButton.swift */,
				4AF5FB7E2893FD7400082AA2 /* BarButtonItemWithBadge.swift */,
			);
			path = Components;
			sourceTree = "<group>";
		};
		4AF5FB3528933EFD00082AA2 /* Modules */ = {
			isa = PBXGroup;
			children = (
				4AF5FB3628933F0600082AA2 /* Groceries */,
				4AF5FB3728933F1000082AA2 /* MyCart */,
			);
			path = Modules;
			sourceTree = "<group>";
		};
		4AF5FB3628933F0600082AA2 /* Groceries */ = {
			isa = PBXGroup;
			children = (
				4AF5FB4428933FDA00082AA2 /* Views */,
				4AF5FB3C28933F4000082AA2 /* GroceriesViewModel.swift */,
				4AF5FB0D28932DC100082AA2 /* GroceriesController.swift */,
			);
			path = Groceries;
			sourceTree = "<group>";
		};
		4AF5FB3728933F1000082AA2 /* MyCart */ = {
			isa = PBXGroup;
			children = (
				4AF5FB4528933FE500082AA2 /* Views */,
				4AF5FB3828933F2900082AA2 /* MyCartController.swift */,
			);
			path = MyCart;
			sourceTree = "<group>";
		};
		4AF5FB3E28933F5400082AA2 /* Extensions */ = {
			isa = PBXGroup;
			children = (
				4AF5FB6E289350F900082AA2 /* Collection+Extension.swift */,
				4AF5FB582893448800082AA2 /* UIView+Extension.swift */,
				4AF5FB29289333E800082AA2 /* UICollectionView+Extension.swift */,
				4AF5FB742893D1CF00082AA2 /* UITableView+Extension.swift */,
				4AF5FB762893D57600082AA2 /* UIEdgeInsets+Extension.swift */,
				4AF5FB782893DC1E00082AA2 /* Encodable+Extension.swift */,
			);
			path = Extensions;
			sourceTree = "<group>";
		};
		4AF5FB3F28933F9000082AA2 /* Shared */ = {
			isa = PBXGroup;
			children = (
				4AF5FB502893409300082AA2 /* Font.swift */,
				4AF5FB522893409900082AA2 /* Color.swift */,
				4AF5FB54289340A400082AA2 /* Icon.swift */,
			);
			path = Shared;
			sourceTree = "<group>";
		};
		4AF5FB4028933FA100082AA2 /* Network */ = {
			isa = PBXGroup;
			children = (
				4AF5FB4128933FBC00082AA2 /* APIService.swift */,
				4AF5FB4328933FC300082AA2 /* Endpoint */,
				4AF5FB6728934A5F00082AA2 /* Models */,
			);
			path = Network;
			sourceTree = "<group>";
		};
		4AF5FB4328933FC300082AA2 /* Endpoint */ = {
			isa = PBXGroup;
			children = (
				4AF5FB5D289348B100082AA2 /* Endpoint.swift */,
				4AF5FB5F2893491200082AA2 /* Endpoint+Path.swift */,
				4AF5FB612893496E00082AA2 /* Endpoint+Method.swift */,
				4AF5FB632893497700082AA2 /* Endpoint+Headers.swift */,
				4AF5FB652893498300082AA2 /* Endpoint+Parameters.swift */,
				4AF5FB7A2893DCE900082AA2 /* Endpoint+Encoding.swift */,
			);
			path = Endpoint;
			sourceTree = "<group>";
		};
		4AF5FB4428933FDA00082AA2 /* Views */ = {
			isa = PBXGroup;
			children = (
				4AF5FB4628933FF600082AA2 /* GroceryCell.swift */,
			);
			path = Views;
			sourceTree = "<group>";
		};
		4AF5FB4528933FE500082AA2 /* Views */ = {
			isa = PBXGroup;
			children = (
				4AF5FB482893400D00082AA2 /* MyCartCell.swift */,
				4AF5FB4A2893403000082AA2 /* BottomBarView.swift */,
			);
			path = Views;
			sourceTree = "<group>";
		};
		4AF5FB5A2893452300082AA2 /* Utilities */ = {
			isa = PBXGroup;
			children = (
				4AF5FB5B2893452D00082AA2 /* AttributedStringUtility.swift */,
			);
			path = Utilities;
			sourceTree = "<group>";
		};
		4AF5FB6728934A5F00082AA2 /* Models */ = {
			isa = PBXGroup;
			children = (
				4AF5FB6A28934B2100082AA2 /* GroceryModel.swift */,
				4AF5FB722893CFB500082AA2 /* GroceryUIModel.swift */,
				4AF5FB7C2893DD5700082AA2 /* ProductsModel.swift */,
				4AF5FB6C28934B3600082AA2 /* ProductModel.swift */,
				4AF5FB702893C4AA00082AA2 /* CheckoutResponseModel.swift */,
				4AF5FB6828934A6800082AA2 /* ErrorModel.swift */,
			);
			path = Models;
			sourceTree = "<group>";
		};
/* End PBXGroup section */

/* Begin PBXNativeTarget section */
		4AF5FB0528932DC100082AA2 /* AppLogistAssignmentApp */ = {
			isa = PBXNativeTarget;
			buildConfigurationList = 4AF5FB1A28932DC200082AA2 /* Build configuration list for PBXNativeTarget "AppLogistAssignmentApp" */;
			buildPhases = (
				4AF5FB0228932DC100082AA2 /* Sources */,
				4AF5FB0328932DC100082AA2 /* Frameworks */,
				4AF5FB0428932DC100082AA2 /* Resources */,
			);
			buildRules = (
			);
			dependencies = (
			);
			name = AppLogistAssignmentApp;
			packageProductDependencies = (
				4AF5FB202893314600082AA2 /* LBTATools */,
				4AF5FB232893317100082AA2 /* Alamofire */,
				4AF5FB262893318500082AA2 /* Nuke */,
			);
			productName = AppLogistAssignmentApp;
			productReference = 4AF5FB0628932DC100082AA2 /* AppLogistAssignmentApp.app */;
			productType = "com.apple.product-type.application";
		};
/* End PBXNativeTarget section */

/* Begin PBXProject section */
		4AF5FAFE28932DC100082AA2 /* Project object */ = {
			isa = PBXProject;
			attributes = {
				BuildIndependentTargetsInParallel = 1;
				LastSwiftUpdateCheck = 1340;
				LastUpgradeCheck = 1340;
				TargetAttributes = {
					4AF5FB0528932DC100082AA2 = {
						CreatedOnToolsVersion = 13.4.1;
					};
				};
			};
			buildConfigurationList = 4AF5FB0128932DC100082AA2 /* Build configuration list for PBXProject "AppLogistAssignmentApp" */;
			compatibilityVersion = "Xcode 13.0";
			developmentRegion = en;
			hasScannedForEncodings = 0;
			knownRegions = (
				en,
				Base,
			);
			mainGroup = 4AF5FAFD28932DC100082AA2;
			packageReferences = (
				4AF5FB1F2893314600082AA2 /* XCRemoteSwiftPackageReference "LBTATools" */,
				4AF5FB222893317100082AA2 /* XCRemoteSwiftPackageReference "Alamofire" */,
				4AF5FB252893318500082AA2 /* XCRemoteSwiftPackageReference "Nuke" */,
			);
			productRefGroup = 4AF5FB0728932DC100082AA2 /* Products */;
			projectDirPath = "";
			projectRoot = "";
			targets = (
				4AF5FB0528932DC100082AA2 /* AppLogistAssignmentApp */,
			);
		};
/* End PBXProject section */

/* Begin PBXResourcesBuildPhase section */
		4AF5FB0428932DC100082AA2 /* Resources */ = {
			isa = PBXResourcesBuildPhase;
			buildActionMask = 2147483647;
			files = (
				4AF5FB57289340EB00082AA2 /* Colors.xcassets in Resources */,
				4AF5FB1628932DC200082AA2 /* LaunchScreen.storyboard in Resources */,
				4AF5FB1328932DC200082AA2 /* Assets.xcassets in Resources */,
			);
			runOnlyForDeploymentPostprocessing = 0;
		};
/* End PBXResourcesBuildPhase section */

/* Begin PBXSourcesBuildPhase section */
		4AF5FB0228932DC100082AA2 /* Sources */ = {
			isa = PBXSourcesBuildPhase;
			buildActionMask = 2147483647;
			files = (
				4AF5FB772893D57600082AA2 /* UIEdgeInsets+Extension.swift in Sources */,
				4AF5FB3028933B7A00082AA2 /* DownloadableImageView.swift in Sources */,
				4AF5FB6B28934B2100082AA2 /* GroceryModel.swift in Sources */,
				4AF5FB5C2893452D00082AA2 /* AttributedStringUtility.swift in Sources */,
				4AF5FB2A289333E800082AA2 /* UICollectionView+Extension.swift in Sources */,
				4AF5FB0E28932DC100082AA2 /* GroceriesController.swift in Sources */,
				4AF5FB2E28933B6500082AA2 /* Label.swift in Sources */,
				4AF5FB712893C4AA00082AA2 /* CheckoutResponseModel.swift in Sources */,
				4AF5FB6D28934B3600082AA2 /* ProductModel.swift in Sources */,
				4AF5FB4228933FBC00082AA2 /* APIService.swift in Sources */,
				4AF5FB732893CFB500082AA2 /* GroceryUIModel.swift in Sources */,
				4AF5FB6928934A6800082AA2 /* ErrorModel.swift in Sources */,
				4AF5FB4B2893403000082AA2 /* BottomBarView.swift in Sources */,
				4AF5FB4D2893405900082AA2 /* ActivityIndicatorView.swift in Sources */,
				4AF5FB3428933C4700082AA2 /* RectangleButton.swift in Sources */,
				4AF5FB55289340A400082AA2 /* Icon.swift in Sources */,
				4AF5FB492893400D00082AA2 /* MyCartCell.swift in Sources */,
				4AF5FB3928933F2900082AA2 /* MyCartController.swift in Sources */,
				4AF5FB7D2893DD5700082AA2 /* ProductsModel.swift in Sources */,
				4AF5FB4728933FF600082AA2 /* GroceryCell.swift in Sources */,
				4AF5FB512893409300082AA2 /* Font.swift in Sources */,
				4AF5FB7B2893DCE900082AA2 /* Endpoint+Encoding.swift in Sources */,
				4AF5FB3228933C2000082AA2 /* StepperView.swift in Sources */,
				4AF5FB6F289350F900082AA2 /* Collection+Extension.swift in Sources */,
				4AF5FB0A28932DC100082AA2 /* AppDelegate.swift in Sources */,
				4AF5FB3D28933F4000082AA2 /* GroceriesViewModel.swift in Sources */,
				4AF5FB592893448800082AA2 /* UIView+Extension.swift in Sources */,
				4AF5FB5E289348B100082AA2 /* Endpoint.swift in Sources */,
				4AF5FB642893497700082AA2 /* Endpoint+Headers.swift in Sources */,
				4AF5FB662893498300082AA2 /* Endpoint+Parameters.swift in Sources */,
				4AF5FB792893DC1E00082AA2 /* Encodable+Extension.swift in Sources */,
				4AF5FB622893496E00082AA2 /* Endpoint+Method.swift in Sources */,
				4AF5FB532893409900082AA2 /* Color.swift in Sources */,
				4AF5FB602893491200082AA2 /* Endpoint+Path.swift in Sources */,
				4AF5FB7F2893FD7400082AA2 /* BarButtonItemWithBadge.swift in Sources */,
				4AF5FB752893D1CF00082AA2 /* UITableView+Extension.swift in Sources */,
			);
			runOnlyForDeploymentPostprocessing = 0;
		};
/* End PBXSourcesBuildPhase section */

/* Begin PBXVariantGroup section */
		4AF5FB1428932DC200082AA2 /* LaunchScreen.storyboard */ = {
			isa = PBXVariantGroup;
			children = (
				4AF5FB1528932DC200082AA2 /* Base */,
			);
			name = LaunchScreen.storyboard;
			sourceTree = "<group>";
		};
/* End PBXVariantGroup section */

/* Begin XCBuildConfiguration section */
		4AF5FB1828932DC200082AA2 /* Debug */ = {
			isa = XCBuildConfiguration;
			buildSettings = {
				ALWAYS_SEARCH_USER_PATHS = NO;
				CLANG_ANALYZER_NONNULL = YES;
				CLANG_ANALYZER_NUMBER_OBJECT_CONVERSION = YES_AGGRESSIVE;
				CLANG_CXX_LANGUAGE_STANDARD = "gnu++17";
				CLANG_ENABLE_MODULES = YES;
				CLANG_ENABLE_OBJC_ARC = YES;
				CLANG_ENABLE_OBJC_WEAK = YES;
				CLANG_WARN_BLOCK_CAPTURE_AUTORELEASING = YES;
				CLANG_WARN_BOOL_CONVERSION = YES;
				CLANG_WARN_COMMA = YES;
				CLANG_WARN_CONSTANT_CONVERSION = YES;
				CLANG_WARN_DEPRECATED_OBJC_IMPLEMENTATIONS = YES;
				CLANG_WARN_DIRECT_OBJC_ISA_USAGE = YES_ERROR;
				CLANG_WARN_DOCUMENTATION_COMMENTS = YES;
				CLANG_WARN_EMPTY_BODY = YES;
				CLANG_WARN_ENUM_CONVERSION = YES;
				CLANG_WARN_INFINITE_RECURSION = YES;
				CLANG_WARN_INT_CONVERSION = YES;
				CLANG_WARN_NON_LITERAL_NULL_CONVERSION = YES;
				CLANG_WARN_OBJC_IMPLICIT_RETAIN_SELF = YES;
				CLANG_WARN_OBJC_LITERAL_CONVERSION = YES;
				CLANG_WARN_OBJC_ROOT_CLASS = YES_ERROR;
				CLANG_WARN_QUOTED_INCLUDE_IN_FRAMEWORK_HEADER = YES;
				CLANG_WARN_RANGE_LOOP_ANALYSIS = YES;
				CLANG_WARN_STRICT_PROTOTYPES = YES;
				CLANG_WARN_SUSPICIOUS_MOVE = YES;
				CLANG_WARN_UNGUARDED_AVAILABILITY = YES_AGGRESSIVE;
				CLANG_WARN_UNREACHABLE_CODE = YES;
				CLANG_WARN__DUPLICATE_METHOD_MATCH = YES;
				COPY_PHASE_STRIP = NO;
				DEBUG_INFORMATION_FORMAT = dwarf;
				ENABLE_STRICT_OBJC_MSGSEND = YES;
				ENABLE_TESTABILITY = YES;
				GCC_C_LANGUAGE_STANDARD = gnu11;
				GCC_DYNAMIC_NO_PIC = NO;
				GCC_NO_COMMON_BLOCKS = YES;
				GCC_OPTIMIZATION_LEVEL = 0;
				GCC_PREPROCESSOR_DEFINITIONS = (
					"DEBUG=1",
					"$(inherited)",
				);
				GCC_WARN_64_TO_32_BIT_CONVERSION = YES;
				GCC_WARN_ABOUT_RETURN_TYPE = YES_ERROR;
				GCC_WARN_UNDECLARED_SELECTOR = YES;
				GCC_WARN_UNINITIALIZED_AUTOS = YES_AGGRESSIVE;
				GCC_WARN_UNUSED_FUNCTION = YES;
				GCC_WARN_UNUSED_VARIABLE = YES;
				IPHONEOS_DEPLOYMENT_TARGET = 15.5;
				MTL_ENABLE_DEBUG_INFO = INCLUDE_SOURCE;
				MTL_FAST_MATH = YES;
				ONLY_ACTIVE_ARCH = YES;
				SDKROOT = iphoneos;
				SWIFT_ACTIVE_COMPILATION_CONDITIONS = DEBUG;
				SWIFT_OPTIMIZATION_LEVEL = "-Onone";
			};
			name = Debug;
		};
		4AF5FB1928932DC200082AA2 /* Release */ = {
			isa = XCBuildConfiguration;
			buildSettings = {
				ALWAYS_SEARCH_USER_PATHS = NO;
				CLANG_ANALYZER_NONNULL = YES;
				CLANG_ANALYZER_NUMBER_OBJECT_CONVERSION = YES_AGGRESSIVE;
				CLANG_CXX_LANGUAGE_STANDARD = "gnu++17";
				CLANG_ENABLE_MODULES = YES;
				CLANG_ENABLE_OBJC_ARC = YES;
				CLANG_ENABLE_OBJC_WEAK = YES;
				CLANG_WARN_BLOCK_CAPTURE_AUTORELEASING = YES;
				CLANG_WARN_BOOL_CONVERSION = YES;
				CLANG_WARN_COMMA = YES;
				CLANG_WARN_CONSTANT_CONVERSION = YES;
				CLANG_WARN_DEPRECATED_OBJC_IMPLEMENTATIONS = YES;
				CLANG_WARN_DIRECT_OBJC_ISA_USAGE = YES_ERROR;
				CLANG_WARN_DOCUMENTATION_COMMENTS = YES;
				CLANG_WARN_EMPTY_BODY = YES;
				CLANG_WARN_ENUM_CONVERSION = YES;
				CLANG_WARN_INFINITE_RECURSION = YES;
				CLANG_WARN_INT_CONVERSION = YES;
				CLANG_WARN_NON_LITERAL_NULL_CONVERSION = YES;
				CLANG_WARN_OBJC_IMPLICIT_RETAIN_SELF = YES;
				CLANG_WARN_OBJC_LITERAL_CONVERSION = YES;
				CLANG_WARN_OBJC_ROOT_CLASS = YES_ERROR;
				CLANG_WARN_QUOTED_INCLUDE_IN_FRAMEWORK_HEADER = YES;
				CLANG_WARN_RANGE_LOOP_ANALYSIS = YES;
				CLANG_WARN_STRICT_PROTOTYPES = YES;
				CLANG_WARN_SUSPICIOUS_MOVE = YES;
				CLANG_WARN_UNGUARDED_AVAILABILITY = YES_AGGRESSIVE;
				CLANG_WARN_UNREACHABLE_CODE = YES;
				CLANG_WARN__DUPLICATE_METHOD_MATCH = YES;
				COPY_PHASE_STRIP = NO;
				DEBUG_INFORMATION_FORMAT = "dwarf-with-dsym";
				ENABLE_NS_ASSERTIONS = NO;
				ENABLE_STRICT_OBJC_MSGSEND = YES;
				GCC_C_LANGUAGE_STANDARD = gnu11;
				GCC_NO_COMMON_BLOCKS = YES;
				GCC_WARN_64_TO_32_BIT_CONVERSION = YES;
				GCC_WARN_ABOUT_RETURN_TYPE = YES_ERROR;
				GCC_WARN_UNDECLARED_SELECTOR = YES;
				GCC_WARN_UNINITIALIZED_AUTOS = YES_AGGRESSIVE;
				GCC_WARN_UNUSED_FUNCTION = YES;
				GCC_WARN_UNUSED_VARIABLE = YES;
				IPHONEOS_DEPLOYMENT_TARGET = 15.5;
				MTL_ENABLE_DEBUG_INFO = NO;
				MTL_FAST_MATH = YES;
				SDKROOT = iphoneos;
				SWIFT_COMPILATION_MODE = wholemodule;
				SWIFT_OPTIMIZATION_LEVEL = "-O";
				VALIDATE_PRODUCT = YES;
			};
			name = Release;
		};
		4AF5FB1B28932DC200082AA2 /* Debug */ = {
			isa = XCBuildConfiguration;
			buildSettings = {
				ASSETCATALOG_COMPILER_APPICON_NAME = AppIcon;
				ASSETCATALOG_COMPILER_GLOBAL_ACCENT_COLOR_NAME = AccentColor;
				CODE_SIGN_STYLE = Automatic;
				CURRENT_PROJECT_VERSION = 1;
				DEVELOPMENT_TEAM = 4K634X2CUP;
				GENERATE_INFOPLIST_FILE = YES;
				INFOPLIST_FILE = AppLogistAssignmentApp/Info.plist;
				INFOPLIST_KEY_UIApplicationSupportsIndirectInputEvents = YES;
				INFOPLIST_KEY_UILaunchStoryboardName = LaunchScreen;
				INFOPLIST_KEY_UISupportedInterfaceOrientations = UIInterfaceOrientationPortrait;
				INFOPLIST_KEY_UISupportedInterfaceOrientations_iPad = "UIInterfaceOrientationPortrait UIInterfaceOrientationPortraitUpsideDown UIInterfaceOrientationLandscapeLeft UIInterfaceOrientationLandscapeRight";
				INFOPLIST_KEY_UISupportedInterfaceOrientations_iPhone = "UIInterfaceOrientationPortrait UIInterfaceOrientationLandscapeLeft UIInterfaceOrientationLandscapeRight";
				IPHONEOS_DEPLOYMENT_TARGET = 11.0;
				LD_RUNPATH_SEARCH_PATHS = (
					"$(inherited)",
					"@executable_path/Frameworks",
				);
				MARKETING_VERSION = 1.0;
				PRODUCT_BUNDLE_IDENTIFIER = com.sereisoglu.AppLogistAssignmentApp;
				PRODUCT_NAME = "$(TARGET_NAME)";
				SWIFT_EMIT_LOC_STRINGS = YES;
				SWIFT_VERSION = 5.0;
				TARGETED_DEVICE_FAMILY = 1;
			};
			name = Debug;
		};
		4AF5FB1C28932DC200082AA2 /* Release */ = {
			isa = XCBuildConfiguration;
			buildSettings = {
				ASSETCATALOG_COMPILER_APPICON_NAME = AppIcon;
				ASSETCATALOG_COMPILER_GLOBAL_ACCENT_COLOR_NAME = AccentColor;
				CODE_SIGN_STYLE = Automatic;
				CURRENT_PROJECT_VERSION = 1;
				DEVELOPMENT_TEAM = 4K634X2CUP;
				GENERATE_INFOPLIST_FILE = YES;
				INFOPLIST_FILE = AppLogistAssignmentApp/Info.plist;
				INFOPLIST_KEY_UIApplicationSupportsIndirectInputEvents = YES;
				INFOPLIST_KEY_UILaunchStoryboardName = LaunchScreen;
				INFOPLIST_KEY_UISupportedInterfaceOrientations = UIInterfaceOrientationPortrait;
				INFOPLIST_KEY_UISupportedInterfaceOrientations_iPad = "UIInterfaceOrientationPortrait UIInterfaceOrientationPortraitUpsideDown UIInterfaceOrientationLandscapeLeft UIInterfaceOrientationLandscapeRight";
				INFOPLIST_KEY_UISupportedInterfaceOrientations_iPhone = "UIInterfaceOrientationPortrait UIInterfaceOrientationLandscapeLeft UIInterfaceOrientationLandscapeRight";
				IPHONEOS_DEPLOYMENT_TARGET = 11.0;
				LD_RUNPATH_SEARCH_PATHS = (
					"$(inherited)",
					"@executable_path/Frameworks",
				);
				MARKETING_VERSION = 1.0;
				PRODUCT_BUNDLE_IDENTIFIER = com.sereisoglu.AppLogistAssignmentApp;
				PRODUCT_NAME = "$(TARGET_NAME)";
				SWIFT_EMIT_LOC_STRINGS = YES;
				SWIFT_VERSION = 5.0;
				TARGETED_DEVICE_FAMILY = 1;
			};
			name = Release;
		};
/* End XCBuildConfiguration section */

/* Begin XCConfigurationList section */
		4AF5FB0128932DC100082AA2 /* Build configuration list for PBXProject "AppLogistAssignmentApp" */ = {
			isa = XCConfigurationList;
			buildConfigurations = (
				4AF5FB1828932DC200082AA2 /* Debug */,
				4AF5FB1928932DC200082AA2 /* Release */,
			);
			defaultConfigurationIsVisible = 0;
			defaultConfigurationName = Release;
		};
		4AF5FB1A28932DC200082AA2 /* Build configuration list for PBXNativeTarget "AppLogistAssignmentApp" */ = {
			isa = XCConfigurationList;
			buildConfigurations = (
				4AF5FB1B28932DC200082AA2 /* Debug */,
				4AF5FB1C28932DC200082AA2 /* Release */,
			);
			defaultConfigurationIsVisible = 0;
			defaultConfigurationName = Release;
		};
/* End XCConfigurationList section */

/* Begin XCRemoteSwiftPackageReference section */
		4AF5FB1F2893314600082AA2 /* XCRemoteSwiftPackageReference "LBTATools" */ = {
			isa = XCRemoteSwiftPackageReference;
			repositoryURL = "https://github.com/bhlvoong/LBTATools.git";
			requirement = {
				kind = upToNextMajorVersion;
				minimumVersion = 1.0.0;
			};
		};
		4AF5FB222893317100082AA2 /* XCRemoteSwiftPackageReference "Alamofire" */ = {
			isa = XCRemoteSwiftPackageReference;
			repositoryURL = "https://github.com/Alamofire/Alamofire.git";
			requirement = {
				kind = upToNextMajorVersion;
				minimumVersion = 5.0.0;
			};
		};
		4AF5FB252893318500082AA2 /* XCRemoteSwiftPackageReference "Nuke" */ = {
			isa = XCRemoteSwiftPackageReference;
			repositoryURL = "https://github.com/kean/Nuke.git";
			requirement = {
				kind = upToNextMajorVersion;
				minimumVersion = 10.0.0;
			};
		};
/* End XCRemoteSwiftPackageReference section */

/* Begin XCSwiftPackageProductDependency section */
		4AF5FB202893314600082AA2 /* LBTATools */ = {
			isa = XCSwiftPackageProductDependency;
			package = 4AF5FB1F2893314600082AA2 /* XCRemoteSwiftPackageReference "LBTATools" */;
			productName = LBTATools;
		};
		4AF5FB232893317100082AA2 /* Alamofire */ = {
			isa = XCSwiftPackageProductDependency;
			package = 4AF5FB222893317100082AA2 /* XCRemoteSwiftPackageReference "Alamofire" */;
			productName = Alamofire;
		};
		4AF5FB262893318500082AA2 /* Nuke */ = {
			isa = XCSwiftPackageProductDependency;
			package = 4AF5FB252893318500082AA2 /* XCRemoteSwiftPackageReference "Nuke" */;
			productName = Nuke;
		};
/* End XCSwiftPackageProductDependency section */
	};
	rootObject = 4AF5FAFE28932DC100082AA2 /* Project object */;
}
